
Microsoft Visual Studio Solution File, Format Version 12.00
# Visual Studio Version 17
VisualStudioVersion = 17.9.34622.214
MinimumVisualStudioVersion = 10.0.40219.1
Project("{9A19103F-16F7-4668-BE54-9A1E7A4F7556}") = "SAE_BMW_JWT", "SAE_BMW_JWT.csproj", "{A8FA0B01-2FEB-46AD-B91F-BD5E805D5B96}"
EndProject
Global
	GlobalSection(SolutionConfigurationPlatforms) = preSolution
		Debug|Any CPU = Debug|Any CPU
		Release|Any CPU = Release|Any CPU
	EndGlobalSection
	GlobalSection(ProjectConfigurationPlatforms) = postSolution
		{A8FA0B01-2FEB-46AD-B91F-BD5E805D5B96}.Debug|Any CPU.ActiveCfg = Debug|Any CPU
		{A8FA0B01-2FEB-46AD-B91F-BD5E805D5B96}.Debug|Any CPU.Build.0 = Debug|Any CPU
		{A8FA0B01-2FEB-46AD-B91F-BD5E805D5B96}.Release|Any CPU.ActiveCfg = Release|Any CPU
		{A8FA0B01-2FEB-46AD-B91F-BD5E805D5B96}.Release|Any CPU.Build.0 = Release|Any CPU
	EndGlobalSection
	GlobalSection(SolutionProperties) = preSolution
		HideSolutionNode = FALSE
	EndGlobalSection
	GlobalSection(ExtensibilityGlobals) = postSolution
		SolutionGuid = {0FFFF163-7D8B-40BA-8CCA-E19B3CEAE1B6}
	EndGlobalSection
EndGlobal
